// !$*UTF8*$!
{
	archiveVersion = 1;
	classes = {
	};
	objectVersion = 46;
	objects = {

/* Begin PBXBuildFile section */
		2296A1F619FE5017001420E5 /* AppDelegate.swift in Sources */ = {isa = PBXBuildFile; fileRef = 2296A1F519FE5017001420E5 /* AppDelegate.swift */; };
		2296A1F819FE5017001420E5 /* ViewController.swift in Sources */ = {isa = PBXBuildFile; fileRef = 2296A1F719FE5017001420E5 /* ViewController.swift */; };
		2296A1FB19FE5017001420E5 /* Main.storyboard in Resources */ = {isa = PBXBuildFile; fileRef = 2296A1F919FE5017001420E5 /* Main.storyboard */; };
		2296A1FD19FE5017001420E5 /* Images.xcassets in Resources */ = {isa = PBXBuildFile; fileRef = 2296A1FC19FE5017001420E5 /* Images.xcassets */; };
		2296A20019FE5017001420E5 /* LaunchScreen.xib in Resources */ = {isa = PBXBuildFile; fileRef = 2296A1FE19FE5017001420E5 /* LaunchScreen.xib */; };
		2296A20C19FE5017001420E5 /* MultipeerChatTests.swift in Sources */ = {isa = PBXBuildFile; fileRef = 2296A20B19FE5017001420E5 /* MultipeerChatTests.swift */; };
/* End PBXBuildFile section */

/* Begin PBXContainerItemProxy section */
		2296A20619FE5017001420E5 /* PBXContainerItemProxy */ = {
			isa = PBXContainerItemProxy;
			containerPortal = 2296A1E819FE5017001420E5 /* Project object */;
			proxyType = 1;
			remoteGlobalIDString = 2296A1EF19FE5017001420E5;
			remoteInfo = MultipeerChat;
		};
/* End PBXContainerItemProxy section */

/* Begin PBXFileReference section */
		2296A1F019FE5017001420E5 /* MultipeerChat.app */ = {isa = PBXFileReference; explicitFileType = wrapper.application; includeInIndex = 0; path = MultipeerChat.app; sourceTree = BUILT_PRODUCTS_DIR; };
		2296A1F419FE5017001420E5 /* Info.plist */ = {isa = PBXFileReference; lastKnownFileType = text.plist.xml; path = Info.plist; sourceTree = "<group>"; };
		2296A1F519FE5017001420E5 /* AppDelegate.swift */ = {isa = PBXFileReference; lastKnownFileType = sourcecode.swift; path = AppDelegate.swift; sourceTree = "<group>"; };
		2296A1F719FE5017001420E5 /* ViewController.swift */ = {isa = PBXFileReference; lastKnownFileType = sourcecode.swift; path = ViewController.swift; sourceTree = "<group>"; };
		2296A1FA19FE5017001420E5 /* Base */ = {isa = PBXFileReference; lastKnownFileType = file.storyboard; name = Base; path = Base.lproj/Main.storyboard; sourceTree = "<group>"; };
		2296A1FC19FE5017001420E5 /* Images.xcassets */ = {isa = PBXFileReference; lastKnownFileType = folder.assetcatalog; path = Images.xcassets; sourceTree = "<group>"; };
		2296A1FF19FE5017001420E5 /* Base */ = {isa = PBXFileReference; lastKnownFileType = file.xib; name = Base; path = Base.lproj/LaunchScreen.xib; sourceTree = "<group>"; };
		2296A20519FE5017001420E5 /* MultipeerChatTests.xctest */ = {isa = PBXFileReference; explicitFileType = wrapper.cfbundle; includeInIndex = 0; path = MultipeerChatTests.xctest; sourceTree = BUILT_PRODUCTS_DIR; };
		2296A20A19FE5017001420E5 /* Info.plist */ = {isa = PBXFileReference; lastKnownFileType = text.plist.xml; path = Info.plist; sourceTree = "<group>"; };
		2296A20B19FE5017001420E5 /* MultipeerChatTests.swift */ = {isa = PBXFileReference; lastKnownFileType = sourcecode.swift; path = MultipeerChatTests.swift; sourceTree = "<group>"; };
/* End PBXFileReference section */

/* Begin PBXFrameworksBuildPhase section */
		2296A1ED19FE5017001420E5 /* Frameworks */ = {
			isa = PBXFrameworksBuildPhase;
			buildActionMask = 2147483647;
			files = (
			);
			runOnlyForDeploymentPostprocessing = 0;
		};
		2296A20219FE5017001420E5 /* Frameworks */ = {
			isa = PBXFrameworksBuildPhase;
			buildActionMask = 2147483647;
			files = (
			);
			runOnlyForDeploymentPostprocessing = 0;
		};
/* End PBXFrameworksBuildPhase section */

/* Begin PBXGroup section */
		2296A1E719FE5017001420E5 = {
			isa = PBXGroup;
			children = (
				2296A1F219FE5017001420E5 /* MultipeerChat */,
				2296A20819FE5017001420E5 /* MultipeerChatTests */,
				2296A1F119FE5017001420E5 /* Products */,
			);
			sourceTree = "<group>";
		};
		2296A1F119FE5017001420E5 /* Products */ = {
			isa = PBXGroup;
			children = (
				2296A1F019FE5017001420E5 /* MultipeerChat.app */,
				2296A20519FE5017001420E5 /* MultipeerChatTests.xctest */,
			);
			name = Products;
			sourceTree = "<group>";
		};
		2296A1F219FE5017001420E5 /* MultipeerChat */ = {
			isa = PBXGroup;
			children = (
				2296A1F519FE5017001420E5 /* AppDelegate.swift */,
				2296A1F719FE5017001420E5 /* ViewController.swift */,
				2296A1F919FE5017001420E5 /* Main.storyboard */,
				2296A1FC19FE5017001420E5 /* Images.xcassets */,
				2296A1FE19FE5017001420E5 /* LaunchScreen.xib */,
				2296A1F319FE5017001420E5 /* Supporting Files */,
			);
			path = MultipeerChat;
			sourceTree = "<group>";
		};
		2296A1F319FE5017001420E5 /* Supporting Files */ = {
			isa = PBXGroup;
			children = (
				2296A1F419FE5017001420E5 /* Info.plist */,
			);
			name = "Supporting Files";
			sourceTree = "<group>";
		};
		2296A20819FE5017001420E5 /* MultipeerChatTests */ = {
			isa = PBXGroup;
			children = (
				2296A20B19FE5017001420E5 /* MultipeerChatTests.swift */,
				2296A20919FE5017001420E5 /* Supporting Files */,
			);
			path = MultipeerChatTests;
			sourceTree = "<group>";
		};
		2296A20919FE5017001420E5 /* Supporting Files */ = {
			isa = PBXGroup;
			children = (
				2296A20A19FE5017001420E5 /* Info.plist */,
			);
			name = "Supporting Files";
			sourceTree = "<group>";
		};
/* End PBXGroup section */

/* Begin PBXNativeTarget section */
		2296A1EF19FE5017001420E5 /* MultipeerChat */ = {
			isa = PBXNativeTarget;
			buildConfigurationList = 2296A20F19FE5017001420E5 /* Build configuration list for PBXNativeTarget "MultipeerChat" */;
			buildPhases = (
				2296A1EC19FE5017001420E5 /* Sources */,
				2296A1ED19FE5017001420E5 /* Frameworks */,
				2296A1EE19FE5017001420E5 /* Resources */,
			);
			buildRules = (
			);
			dependencies = (
			);
			name = MultipeerChat;
			productName = MultipeerChat;
			productReference = 2296A1F019FE5017001420E5 /* MultipeerChat.app */;
			productType = "com.apple.product-type.application";
		};
		2296A20419FE5017001420E5 /* MultipeerChatTests */ = {
			isa = PBXNativeTarget;
			buildConfigurationList = 2296A21219FE5017001420E5 /* Build configuration list for PBXNativeTarget "MultipeerChatTests" */;
			buildPhases = (
				2296A20119FE5017001420E5 /* Sources */,
				2296A20219FE5017001420E5 /* Frameworks */,
				2296A20319FE5017001420E5 /* Resources */,
			);
			buildRules = (
			);
			dependencies = (
				2296A20719FE5017001420E5 /* PBXTargetDependency */,
			);
			name = MultipeerChatTests;
			productName = MultipeerChatTests;
			productReference = 2296A20519FE5017001420E5 /* MultipeerChatTests.xctest */;
			productType = "com.apple.product-type.bundle.unit-test";
		};
/* End PBXNativeTarget section */

/* Begin PBXProject section */
		2296A1E819FE5017001420E5 /* Project object */ = {
			isa = PBXProject;
			attributes = {
				LastUpgradeCheck = 0610;
				ORGANIZATIONNAME = "Beyond 2021";
				TargetAttributes = {
					2296A1EF19FE5017001420E5 = {
						CreatedOnToolsVersion = 6.1;
					};
					2296A20419FE5017001420E5 = {
						CreatedOnToolsVersion = 6.1;
						TestTargetID = 2296A1EF19FE5017001420E5;
					};
				};
			};
			buildConfigurationList = 2296A1EB19FE5017001420E5 /* Build configuration list for PBXProject "MultipeerChat" */;
			compatibilityVersion = "Xcode 3.2";
			developmentRegion = English;
			hasScannedForEncodings = 0;
			knownRegions = (
				en,
				Base,
			);
			mainGroup = 2296A1E719FE5017001420E5;
			productRefGroup = 2296A1F119FE5017001420E5 /* Products */;
			projectDirPath = "";
			projectRoot = "";
			targets = (
				2296A1EF19FE5017001420E5 /* MultipeerChat */,
				2296A20419FE5017001420E5 /* MultipeerChatTests */,
			);
		};
/* End PBXProject section */

/* Begin PBXResourcesBuildPhase section */
		2296A1EE19FE5017001420E5 /* Resources */ = {
			isa = PBXResourcesBuildPhase;
			buildActionMask = 2147483647;
			files = (
				2296A1FB19FE5017001420E5 /* Main.storyboard in Resources */,
				2296A20019FE5017001420E5 /* LaunchScreen.xib in Resources */,
				2296A1FD19FE5017001420E5 /* Images.xcassets in Resources */,
			);
			runOnlyForDeploymentPostprocessing = 0;
		};
		2296A20319FE5017001420E5 /* Resources */ = {
			isa = PBXResourcesBuildPhase;
			buildActionMask = 2147483647;
			files = (
			);
			runOnlyForDeploymentPostprocessing = 0;
		};
/* End PBXResourcesBuildPhase section */

/* Begin PBXSourcesBuildPhase section */
		2296A1EC19FE5017001420E5 /* Sources */ = {
			isa = PBXSourcesBuildPhase;
			buildActionMask = 2147483647;
			files = (
				2296A1F819FE5017001420E5 /* ViewController.swift in Sources */,
				2296A1F619FE5017001420E5 /* AppDelegate.swift in Sources */,
			);
			runOnlyForDeploymentPostprocessing = 0;
		};
		2296A20119FE5017001420E5 /* Sources */ = {
			isa = PBXSourcesBuildPhase;
			buildActionMask = 2147483647;
			files = (
				2296A20C19FE5017001420E5 /* MultipeerChatTests.swift in Sources */,
			);
			runOnlyForDeploymentPostprocessing = 0;
		};
/* End PBXSourcesBuildPhase section */

/* Begin PBXTargetDependency section */
		2296A20719FE5017001420E5 /* PBXTargetDependency */ = {
			isa = PBXTargetDependency;
			target = 2296A1EF19FE5017001420E5 /* MultipeerChat */;
			targetProxy = 2296A20619FE5017001420E5 /* PBXContainerItemProxy */;
		};
/* End PBXTargetDependency section */

/* Begin PBXVariantGroup section */
		2296A1F919FE5017001420E5 /* Main.storyboard */ = {
			isa = PBXVariantGroup;
			children = (
				2296A1FA19FE5017001420E5 /* Base */,
			);
			name = Main.storyboard;
			sourceTree = "<group>";
		};
		2296A1FE19FE5017001420E5 /* LaunchScreen.xib */ = {
			isa = PBXVariantGroup;
			children = (
				2296A1FF19FE5017001420E5 /* Base */,
			);
			name = LaunchScreen.xib;
			sourceTree = "<group>";
		};
/* End PBXVariantGroup section */

/* Begin XCBuildConfiguration section */
		2296A20D19FE5017001420E5 /* Debug */ = {
			isa = XCBuildConfiguration;
			buildSettings = {
				ALWAYS_SEARCH_USER_PATHS = NO;
				CLANG_CXX_LANGUAGE_STANDARD = "gnu++0x";
				CLANG_CXX_LIBRARY = "libc++";
				CLANG_ENABLE_MODULES = YES;
				CLANG_ENABLE_OBJC_ARC = YES;
				CLANG_WARN_BOOL_CONVERSION = YES;
				CLANG_WARN_CONSTANT_CONVERSION = YES;
				CLANG_WARN_DIRECT_OBJC_ISA_USAGE = YES_ERROR;
				CLANG_WARN_EMPTY_BODY = YES;
				CLANG_WARN_ENUM_CONVERSION = YES;
				CLANG_WARN_INT_CONVERSION = YES;
				CLANG_WARN_OBJC_ROOT_CLASS = YES_ERROR;
				CLANG_WARN_UNREACHABLE_CODE = YES;
				CLANG_WARN__DUPLICATE_METHOD_MATCH = YES;
				"CODE_SIGN_IDENTITY[sdk=iphoneos*]" = "iPhone Developer";
				COPY_PHASE_STRIP = NO;
				ENABLE_STRICT_OBJC_MSGSEND = YES;
				GCC_C_LANGUAGE_STANDARD = gnu99;
				GCC_DYNAMIC_NO_PIC = NO;
				GCC_OPTIMIZATION_LEVEL = 0;
				GCC_PREPROCESSOR_DEFINITIONS = (
					"DEBUG=1",
					"$(inherited)",
				);
				GCC_SYMBOLS_PRIVATE_EXTERN = NO;
				GCC_WARN_64_TO_32_BIT_CONVERSION = YES;
				GCC_WARN_ABOUT_RETURN_TYPE = YES_ERROR;
				GCC_WARN_UNDECLARED_SELECTOR = YES;
				GCC_WARN_UNINITIALIZED_AUTOS = YES_AGGRESSIVE;
				GCC_WARN_UNUSED_FUNCTION = YES;
				GCC_WARN_UNUSED_VARIABLE = YES;
				IPHONEOS_DEPLOYMENT_TARGET = 8.1;
				MTL_ENABLE_DEBUG_INFO = YES;
				ONLY_ACTIVE_ARCH = YES;
				SDKROOT = iphoneos;
				SWIFT_OPTIMIZATION_LEVEL = "-Onone";
			};
			name = Debug;
		};
		2296A20E19FE5017001420E5 /* Release */ = {
			isa = XCBuildConfiguration;
			buildSettings = {
				ALWAYS_SEARCH_USER_PATHS = NO;
				CLANG_CXX_LANGUAGE_STANDARD = "gnu++0x";
				CLANG_CXX_LIBRARY = "libc++";
				CLANG_ENABLE_MODULES = YES;
				CLANG_ENABLE_OBJC_ARC = YES;
				CLANG_WARN_BOOL_CONVERSION = YES;
				CLANG_WARN_CONSTANT_CONVERSION = YES;
				CLANG_WARN_DIRECT_OBJC_ISA_USAGE = YES_ERROR;
				CLANG_WARN_EMPTY_BODY = YES;
				CLANG_WARN_ENUM_CONVERSION = YES;
				CLANG_WARN_INT_CONVERSION = YES;
				CLANG_WARN_OBJC_ROOT_CLASS = YES_ERROR;
				CLANG_WARN_UNREACHABLE_CODE = YES;
				CLANG_WARN__DUPLICATE_METHOD_MATCH = YES;
				"CODE_SIGN_IDENTITY[sdk=iphoneos*]" = "iPhone Developer";
				COPY_PHASE_STRIP = YES;
				ENABLE_NS_ASSERTIONS = NO;
				ENABLE_STRICT_OBJC_MSGSEND = YES;
				GCC_C_LANGUAGE_STANDARD = gnu99;
				GCC_WARN_64_TO_32_BIT_CONVERSION = YES;
				GCC_WARN_ABOUT_RETURN_TYPE = YES_ERROR;
				GCC_WARN_UNDECLARED_SELECTOR = YES;
				GCC_WARN_UNINITIALIZED_AUTOS = YES_AGGRESSIVE;
				GCC_WARN_UNUSED_FUNCTION = YES;
				GCC_WARN_UNUSED_VARIABLE = YES;
				IPHONEOS_DEPLOYMENT_TARGET = 8.1;
				MTL_ENABLE_DEBUG_INFO = NO;
				SDKROOT = iphoneos;
				VALIDATE_PRODUCT = YES;
			};
			name = Release;
		};
		2296A21019FE5017001420E5 /* Debug */ = {
			isa = XCBuildConfiguration;
			buildSettings = {
				ASSETCATALOG_COMPILER_APPICON_NAME = AppIcon;
				INFOPLIST_FILE = MultipeerChat/Info.plist;
				LD_RUNPATH_SEARCH_PATHS = "$(inherited) @executable_path/Frameworks";
				PRODUCT_NAME = "$(TARGET_NAME)";
			};
			name = Debug;
		};
		2296A21119FE5017001420E5 /* Release */ = {
			isa = XCBuildConfiguration;
			buildSettings = {
				ASSETCATALOG_COMPILER_APPICON_NAME = AppIcon;
				INFOPLIST_FILE = MultipeerChat/Info.plist;
				LD_RUNPATH_SEARCH_PATHS = "$(inherited) @executable_path/Frameworks";
				PRODUCT_NAME = "$(TARGET_NAME)";
			};
			name = Release;
		};
		2296A21319FE5017001420E5 /* Debug */ = {
			isa = XCBuildConfiguration;
			buildSettings = {
				BUNDLE_LOADER = "$(TEST_HOST)";
				FRAMEWORK_SEARCH_PATHS = (
					"$(SDKROOT)/Developer/Library/Frameworks",
					"$(inherited)",
				);
				GCC_PREPROCESSOR_DEFINITIONS = (
					"DEBUG=1",
					"$(inherited)",
				);
				INFOPLIST_FILE = MultipeerChatTests/Info.plist;
				LD_RUNPATH_SEARCH_PATHS = "$(inherited) @executable_path/Frameworks @loader_path/Frameworks";
				PRODUCT_NAME = "$(TARGET_NAME)";
				TEST_HOST = "$(BUILT_PRODUCTS_DIR)/MultipeerChat.app/MultipeerChat";
			};
			name = Debug;
		};
		2296A21419FE5017001420E5 /* Release */ = {
			isa = XCBuildConfiguration;
			buildSettings = {
				BUNDLE_LOADER = "$(TEST_HOST)";
				FRAMEWORK_SEARCH_PATHS = (
					"$(SDKROOT)/Developer/Library/Frameworks",
					"$(inherited)",
				);
				INFOPLIST_FILE = MultipeerChatTests/Info.plist;
				LD_RUNPATH_SEARCH_PATHS = "$(inherited) @executable_path/Frameworks @loader_path/Frameworks";
				PRODUCT_NAME = "$(TARGET_NAME)";
				TEST_HOST = "$(BUILT_PRODUCTS_DIR)/MultipeerChat.app/MultipeerChat";
			};
			name = Release;
		};
/* End XCBuildConfiguration section */

/* Begin XCConfigurationList section */
		2296A1EB19FE5017001420E5 /* Build configuration list for PBXProject "MultipeerChat" */ = {
			isa = XCConfigurationList;
			buildConfigurations = (
				2296A20D19FE5017001420E5 /* Debug */,
				2296A20E19FE5017001420E5 /* Release */,
			);
			defaultConfigurationIsVisible = 0;
			defaultConfigurationName = Release;
		};
		2296A20F19FE5017001420E5 /* Build configuration list for PBXNativeTarget "MultipeerChat" */ = {
			isa = XCConfigurationList;
			buildConfigurations = (
				2296A21019FE5017001420E5 /* Debug */,
				2296A21119FE5017001420E5 /* Release */,
			);
			defaultConfigurationIsVisible = 0;
		};
		2296A21219FE5017001420E5 /* Build configuration list for PBXNativeTarget "MultipeerChatTests" */ = {
			isa = XCConfigurationList;
			buildConfigurations = (
				2296A21319FE5017001420E5 /* Debug */,
				2296A21419FE5017001420E5 /* Release */,
			);
			defaultConfigurationIsVisible = 0;
		};
/* End XCConfigurationList section */
	};
	rootObject = 2296A1E819FE5017001420E5 /* Project object */;
}
